
Microsoft Visual Studio Solution File, Format Version 12.00
Project("{FAE04EC0-301F-11D3-BF4B-00C04F79EFBC}") = "Kata", "Kata\Kata.csproj", "{B955261D-C3F3-4C5F-B607-370148D12E17}"
EndProject
Project("{FAE04EC0-301F-11D3-BF4B-00C04F79EFBC}") = "Kata.Test", "Kata.Test\Kata.Test.csproj", "{5D4C6C38-AD4A-4686-ACA9-EBDDED42C857}"
EndProject
Global
	GlobalSection(SolutionConfigurationPlatforms) = preSolution
		Debug|Any CPU = Debug|Any CPU
		Release|Any CPU = Release|Any CPU
	EndGlobalSection
	GlobalSection(ProjectConfigurationPlatforms) = postSolution
		{B955261D-C3F3-4C5F-B607-370148D12E17}.Debug|Any CPU.ActiveCfg = Debug|Any CPU
		{B955261D-C3F3-4C5F-B607-370148D12E17}.Debug|Any CPU.Build.0 = Debug|Any CPU
		{B955261D-C3F3-4C5F-B607-370148D12E17}.Release|Any CPU.ActiveCfg = Release|Any CPU
		{B955261D-C3F3-4C5F-B607-370148D12E17}.Release|Any CPU.Build.0 = Release|Any CPU
		{5D4C6C38-AD4A-4686-ACA9-EBDDED42C857}.Debug|Any CPU.ActiveCfg = Debug|Any CPU
		{5D4C6C38-AD4A-4686-ACA9-EBDDED42C857}.Debug|Any CPU.Build.0 = Debug|Any CPU
		{5D4C6C38-AD4A-4686-ACA9-EBDDED42C857}.Release|Any CPU.ActiveCfg = Release|Any CPU
		{5D4C6C38-AD4A-4686-ACA9-EBDDED42C857}.Release|Any CPU.Build.0 = Release|Any CPU
	EndGlobalSection
EndGlobal
